
Microsoft Visual Studio Solution File, Format Version 12.00
# Visual Studio Version 17
VisualStudioVersion = 17.6.33815.320
MinimumVisualStudioVersion = 10.0.40219.1
Project("{FAE04EC0-301F-11D3-BF4B-00C04F79EFBC}") = "Filmes", "Filmes\Filmes.csproj", "{923D0B2B-B902-49CA-AF66-602D692D20CB}"
EndProject
Global
	GlobalSection(SolutionConfigurationPlatforms) = preSolution
		Debug|Any CPU = Debug|Any CPU
		Release|Any CPU = Release|Any CPU
	EndGlobalSection
	GlobalSection(ProjectConfigurationPlatforms) = postSolution
		{923D0B2B-B902-49CA-AF66-602D692D20CB}.Debug|Any CPU.ActiveCfg = Debug|Any CPU
		{923D0B2B-B902-49CA-AF66-602D692D20CB}.Debug|Any CPU.Build.0 = Debug|Any CPU
		{923D0B2B-B902-49CA-AF66-602D692D20CB}.Release|Any CPU.ActiveCfg = Release|Any CPU
		{923D0B2B-B902-49CA-AF66-602D692D20CB}.Release|Any CPU.Build.0 = Release|Any CPU
	EndGlobalSection
	GlobalSection(SolutionProperties) = preSolution
		HideSolutionNode = FALSE
	EndGlobalSection
	GlobalSection(ExtensibilityGlobals) = postSolution
		SolutionGuid = {72F369C9-F94C-473F-8D55-21A9DB8C60AD}
	EndGlobalSection
EndGlobal
